
Microsoft Visual Studio Solution File, Format Version 12.00
# Visual Studio 15
Project("{FAE04EC0-301F-11D3-BF4B-00C04F79EFBC}") = "SfChartMultipleTrackball", "SfChartMultipleTrackball\SfChartMultipleTrackball.csproj", "{AE4E7D4E-71C8-4E56-B60D-9E6E3E2BCB85}"
EndProject
Global
	GlobalSection(SolutionConfigurationPlatforms) = preSolution
		Debug|iPhoneSimulator = Debug|iPhoneSimulator
		Release|iPhoneSimulator = Release|iPhoneSimulator
		Debug|iPhone = Debug|iPhone
		Release|iPhone = Release|iPhone
	EndGlobalSection
	GlobalSection(ProjectConfigurationPlatforms) = postSolution
		{AE4E7D4E-71C8-4E56-B60D-9E6E3E2BCB85}.Debug|iPhoneSimulator.ActiveCfg = Debug|iPhoneSimulator
		{AE4E7D4E-71C8-4E56-B60D-9E6E3E2BCB85}.Debug|iPhoneSimulator.Build.0 = Debug|iPhoneSimulator
		{AE4E7D4E-71C8-4E56-B60D-9E6E3E2BCB85}.Release|iPhoneSimulator.ActiveCfg = Release|iPhoneSimulator
		{AE4E7D4E-71C8-4E56-B60D-9E6E3E2BCB85}.Release|iPhoneSimulator.Build.0 = Release|iPhoneSimulator
		{AE4E7D4E-71C8-4E56-B60D-9E6E3E2BCB85}.Debug|iPhone.ActiveCfg = Debug|iPhone
		{AE4E7D4E-71C8-4E56-B60D-9E6E3E2BCB85}.Debug|iPhone.Build.0 = Debug|iPhone
		{AE4E7D4E-71C8-4E56-B60D-9E6E3E2BCB85}.Release|iPhone.ActiveCfg = Release|iPhone
		{AE4E7D4E-71C8-4E56-B60D-9E6E3E2BCB85}.Release|iPhone.Build.0 = Release|iPhone
	EndGlobalSection
EndGlobal
